
Microsoft Visual Studio Solution File, Format Version 12.00
Project("{FAE04EC0-301F-11D3-BF4B-00C04F79EFBC}") = "OutboxPatternMvpProducer", "OutboxPatternMvpProducer\OutboxPatternMvpProducer.csproj", "{3C1F8251-4D28-4906-9CDD-ADA1EAE7CEB9}"
EndProject
Project("{FAE04EC0-301F-11D3-BF4B-00C04F79EFBC}") = "OutboxPatternMvpConsumer", "OutboxPatternMvpConsumer\OutboxPatternMvpConsumer.csproj", "{4E1AE161-177D-4CF9-A962-25F5E6F7C33A}"
EndProject
Global
	GlobalSection(SolutionConfigurationPlatforms) = preSolution
		Debug|Any CPU = Debug|Any CPU
		Release|Any CPU = Release|Any CPU
	EndGlobalSection
	GlobalSection(ProjectConfigurationPlatforms) = postSolution
		{3C1F8251-4D28-4906-9CDD-ADA1EAE7CEB9}.Debug|Any CPU.ActiveCfg = Debug|Any CPU
		{3C1F8251-4D28-4906-9CDD-ADA1EAE7CEB9}.Debug|Any CPU.Build.0 = Debug|Any CPU
		{3C1F8251-4D28-4906-9CDD-ADA1EAE7CEB9}.Release|Any CPU.ActiveCfg = Release|Any CPU
		{3C1F8251-4D28-4906-9CDD-ADA1EAE7CEB9}.Release|Any CPU.Build.0 = Release|Any CPU
		{4E1AE161-177D-4CF9-A962-25F5E6F7C33A}.Debug|Any CPU.ActiveCfg = Debug|Any CPU
		{4E1AE161-177D-4CF9-A962-25F5E6F7C33A}.Debug|Any CPU.Build.0 = Debug|Any CPU
		{4E1AE161-177D-4CF9-A962-25F5E6F7C33A}.Release|Any CPU.ActiveCfg = Release|Any CPU
		{4E1AE161-177D-4CF9-A962-25F5E6F7C33A}.Release|Any CPU.Build.0 = Release|Any CPU
	EndGlobalSection
EndGlobal
